{
  "object": {
    "pins": [
      {
        "package": "combine-schedulers",
        "repositoryURL": "https://github.com/pointfreeco/combine-schedulers",
        "state": {
          "branch": null,
          "revision": "882ac01eb7ef9e36d4467eb4b1151e74fcef85ab",
          "version": "0.9.1"
        }
      },
      {
        "package": "swift-clocks",
        "repositoryURL": "https://github.com/pointfreeco/swift-clocks",
        "state": {
          "branch": null,
          "revision": "20b25ca0dd88ebfb9111ec937814ddc5a8880172",
          "version": "0.2.0"
        }
      },
      {
        "package": "swift-dependencies",
        "repositoryURL": "https://github.com/pointfreeco/swift-dependencies",
        "state": {
          "branch": "main",
          "revision": "08b4dd7b22ca646d2f2cb0200060b79a008255ad",
          "version": null
        }
      },
      {
        "package": "SwiftDocCPlugin",
        "repositoryURL": "https://github.com/apple/swift-docc-plugin",
        "state": {
          "branch": null,
          "revision": "3303b164430d9a7055ba484c8ead67a52f7b74f6",
          "version": "1.0.0"
        }
      }
    ]
  },
  "version": 1
}
